
Microsoft Visual Studio Solution File, Format Version 12.00
# Visual Studio Version 17
VisualStudioVersion = 17.11.35208.52
MinimumVisualStudioVersion = 10.0.40219.1
Project("{FAE04EC0-301F-11D3-BF4B-00C04F79EFBC}") = "Week-1(5-9-24)", "Week-1(5-9-24).csproj", "{C7FAE6AC-F296-422A-925F-31ECD51C7E7F}"
EndProject
Global
	GlobalSection(SolutionConfigurationPlatforms) = preSolution
		Debug|Any CPU = Debug|Any CPU
		Release|Any CPU = Release|Any CPU
	EndGlobalSection
	GlobalSection(ProjectConfigurationPlatforms) = postSolution
		{C7FAE6AC-F296-422A-925F-31ECD51C7E7F}.Debug|Any CPU.ActiveCfg = Debug|Any CPU
		{C7FAE6AC-F296-422A-925F-31ECD51C7E7F}.Debug|Any CPU.Build.0 = Debug|Any CPU
		{C7FAE6AC-F296-422A-925F-31ECD51C7E7F}.Release|Any CPU.ActiveCfg = Release|Any CPU
		{C7FAE6AC-F296-422A-925F-31ECD51C7E7F}.Release|Any CPU.Build.0 = Release|Any CPU
	EndGlobalSection
	GlobalSection(SolutionProperties) = preSolution
		HideSolutionNode = FALSE
	EndGlobalSection
	GlobalSection(ExtensibilityGlobals) = postSolution
		SolutionGuid = {DBF2107E-41D2-4AB1-8B75-80440B421FF4}
	EndGlobalSection
EndGlobal
